github.com/CHH/eventemitter v0.0.0-20120807115904-3e42a20a6810 h1:X1pJTCy0d6zkO1n/1cphpjAACP6sELWSzrCRNKJQLpQ=
github.com/CHH/eventemitter v0.0.0-20120807115904-3e42a20a6810/go.mod h1:iHvIe8UbHxkbGvi9gwkNLQO67TIABSTq/LOlXj22mKc=
github.com/aead/chacha20 v0.0.0-20180709150244-8b13a72661da h1:KjTM2ks9d14ZYCvmHS9iAKVt9AyzRSqNU1qabPih5BY=
github.com/aead/chacha20 v0.0.0-20180709150244-8b13a72661da/go.mod h1:eHEWzANqSiWQsof+nXEI9bUVUyV6F53Fp89EuCh2EAA=
github.com/golang/protobuf v1.2.0 h1:P3YflyNX/ehuJFLhxviNdFxQPkGK5cDcApsge1SqnvM=
github.com/golang/protobuf v1.2.0/go.mod h1:6lQm79b+lXiMfvg/cZm0SGofjICqVBUtrP5yJMmIC1U=
github.com/gorilla/websocket v1.4.0 h1:WDFjx/TMzVgy9VdMMQi2K2Emtwi2QcUQsztZ/zLaH/Q=
github.com/gorilla/websocket v1.4.0/go.mod h1:E7qHFY5m1UJ88s3WnNqhKjPHQ0heANvMoAMk2YaljkQ=
github.com/graarh/golang-socketio v0.0.0-20170510162725-2c44953b9b5f h1:utzdm9zUvVWGRtIpkdE4+36n+Gv60kNb7mFvgGxLElY=
github.com/graarh/golang-socketio v0.0.0-20170510162725-2c44953b9b5f/go.mod h1:8gudiNCFh3ZfvInknmoXzPeV17FSH+X2J5k2cUPIwnA=
github.com/shadowsocks/go-shadowsocks2 v0.0.11 h1:dXloqEhYnZV40jblWTK8kWeC0Eb+dgql4S0tj99e8j0=
github.com/shadowsocks/go-shadowsocks2 v0.0.11/go.mod h1:R+KWaoIwRRhnpw6XV+dZil0XHi64Hc1D7hXUyXTjUzQ=
golang.org/x/crypto v0.0.0-20190228161510-8dd112bcdc25 h1:jsG6UpNLt9iAsb0S2AGW28DveNzzgmbXR+ENoPjUeIU=
golang.org/x/crypto v0.0.0-20190228161510-8dd112bcdc25/go.mod h1:djNgcEr1/C05ACkg1iLfiJU5Ep61QUkGW8qpdssI0+w=
golang.org/x/sync v0.0.0-20190227155943-e225da77a7e6 h1:bjcUS9ztw9kFmmIxJInhon/0Is3p+EHBKNgquIzo1OI=
golang.org/x/sync v0.0.0-20190227155943-e225da77a7e6/go.mod h1:RxMgew5VJxzue5/jJTE5uejpjVlOe/izrB70Jof72aM=
golang.org/x/sys v0.0.0-20190215142949-d0b11bdaac8a h1:1BGLXjeY4akVXGgbC9HugT3Jv3hCI0z56oJR5vAMgBU=
golang.org/x/sys v0.0.0-20190215142949-d0b11bdaac8a/go.mod h1:STP8DvDyc/dI5b8T5hshtkjS+E42TnysNCUPdjciGhY=
golang.org/x/time v0.0.0-20181108054448-85acf8d2951c h1:fqgJT0MGcGpPgpWU7VRdRjuArfcOvC4AoJmILihzhDg=
golang.org/x/time v0.0.0-20181108054448-85acf8d2951c/go.mod h1:tRJNPiyCQ0inRvYxbN9jk5I+vvW/OXSQhTDSoE431IQ=
